
Microsoft Visual Studio Solution File, Format Version 12.00
# Visual Studio Version 17
VisualStudioVersion = 17.14.37710.0 d17.14
MinimumVisualStudioVersion = 10.0.40219.1
Project("{FAE04EC0-301F-11D3-BF4B-00C04F79EFBC}") = "Assament", "Assament.csproj", "{D24634C2-09BA-49AF-9432-6D083E8C13F2}"
EndProject
Global
	GlobalSection(SolutionConfigurationPlatforms) = preSolution
		Debug|Any CPU = Debug|Any CPU
		Release|Any CPU = Release|Any CPU
	EndGlobalSection
	GlobalSection(ProjectConfigurationPlatforms) = postSolution
		{D24634C2-09BA-49AF-9432-6D083E8C13F2}.Debug|Any CPU.ActiveCfg = Debug|Any CPU
		{D24634C2-09BA-49AF-9432-6D083E8C13F2}.Debug|Any CPU.Build.0 = Debug|Any CPU
		{D24634C2-09BA-49AF-9432-6D083E8C13F2}.Release|Any CPU.ActiveCfg = Release|Any CPU
		{D24634C2-09BA-49AF-9432-6D083E8C13F2}.Release|Any CPU.Build.0 = Release|Any CPU
	EndGlobalSection
	GlobalSection(SolutionProperties) = preSolution
		HideSolutionNode = FALSE
	EndGlobalSection
	GlobalSection(ExtensibilityGlobals) = postSolution
		SolutionGuid = {BC353254-5229-4B17-82A7-E9984511DDEC}
	EndGlobalSection
EndGlobal
